// !$*UTF8*$!
{
	archiveVersion = 1;
	classes = {
	};
	objectVersion = 56;
	objects = {

/* Begin PBXBuildFile section */
		3FDAD09329EAAA39004DD08D /* CameraAppApp.swift in Sources */ = {isa = PBXBuildFile; fileRef = 3FDAD09229EAAA39004DD08D /* CameraAppApp.swift */; };
		3FDAD09529EAAA39004DD08D /* Persistence.swift in Sources */ = {isa = PBXBuildFile; fileRef = 3FDAD09429EAAA39004DD08D /* Persistence.swift */; };
		3FDAD09829EAAA39004DD08D /* CameraApp.xcdatamodeld in Sources */ = {isa = PBXBuildFile; fileRef = 3FDAD09629EAAA39004DD08D /* CameraApp.xcdatamodeld */; };
		3FDAD09A29EAAA39004DD08D /* ContentView.swift in Sources */ = {isa = PBXBuildFile; fileRef = 3FDAD09929EAAA39004DD08D /* ContentView.swift */; };
		3FDAD09C29EAAA39004DD08D /* Assets.xcassets in Resources */ = {isa = PBXBuildFile; fileRef = 3FDAD09B29EAAA39004DD08D /* Assets.xcassets */; };
		3FDAD0A029EAAA39004DD08D /* Preview Assets.xcassets in Resources */ = {isa = PBXBuildFile; fileRef = 3FDAD09F29EAAA39004DD08D /* Preview Assets.xcassets */; };
		3FDAD0AA29EAAA39004DD08D /* CameraAppTests.swift in Sources */ = {isa = PBXBuildFile; fileRef = 3FDAD0A929EAAA39004DD08D /* CameraAppTests.swift */; };
		3FDAD0B429EAAA39004DD08D /* CameraAppUITests.swift in Sources */ = {isa = PBXBuildFile; fileRef = 3FDAD0B329EAAA39004DD08D /* CameraAppUITests.swift */; };
		3FDAD0B629EAAA39004DD08D /* CameraAppUITestsLaunchTests.swift in Sources */ = {isa = PBXBuildFile; fileRef = 3FDAD0B529EAAA39004DD08D /* CameraAppUITestsLaunchTests.swift */; };
/* End PBXBuildFile section */

/* Begin PBXContainerItemProxy section */
		3FDAD0A629EAAA39004DD08D /* PBXContainerItemProxy */ = {
			isa = PBXContainerItemProxy;
			containerPortal = 3FDAD08729EAAA39004DD08D /* Project object */;
			proxyType = 1;
			remoteGlobalIDString = 3FDAD08E29EAAA39004DD08D;
			remoteInfo = CameraApp;
		};
		3FDAD0B029EAAA39004DD08D /* PBXContainerItemProxy */ = {
			isa = PBXContainerItemProxy;
			containerPortal = 3FDAD08729EAAA39004DD08D /* Project object */;
			proxyType = 1;
			remoteGlobalIDString = 3FDAD08E29EAAA39004DD08D;
			remoteInfo = CameraApp;
		};
/* End PBXContainerItemProxy section */

/* Begin PBXFileReference section */
		3FDAD08F29EAAA39004DD08D /* CameraApp.app */ = {isa = PBXFileReference; explicitFileType = wrapper.application; includeInIndex = 0; path = CameraApp.app; sourceTree = BUILT_PRODUCTS_DIR; };
		3FDAD09229EAAA39004DD08D /* CameraAppApp.swift */ = {isa = PBXFileReference; lastKnownFileType = sourcecode.swift; path = CameraAppApp.swift; sourceTree = "<group>"; };
		3FDAD09429EAAA39004DD08D /* Persistence.swift */ = {isa = PBXFileReference; lastKnownFileType = sourcecode.swift; path = Persistence.swift; sourceTree = "<group>"; };
		3FDAD09729EAAA39004DD08D /* CameraApp.xcdatamodel */ = {isa = PBXFileReference; lastKnownFileType = wrapper.xcdatamodel; path = CameraApp.xcdatamodel; sourceTree = "<group>"; };
		3FDAD09929EAAA39004DD08D /* ContentView.swift */ = {isa = PBXFileReference; lastKnownFileType = sourcecode.swift; path = ContentView.swift; sourceTree = "<group>"; };
		3FDAD09B29EAAA39004DD08D /* Assets.xcassets */ = {isa = PBXFileReference; lastKnownFileType = folder.assetcatalog; path = Assets.xcassets; sourceTree = "<group>"; };
		3FDAD09D29EAAA39004DD08D /* CameraApp.entitlements */ = {isa = PBXFileReference; lastKnownFileType = text.plist.entitlements; path = CameraApp.entitlements; sourceTree = "<group>"; };
		3FDAD09F29EAAA39004DD08D /* Preview Assets.xcassets */ = {isa = PBXFileReference; lastKnownFileType = folder.assetcatalog; path = "Preview Assets.xcassets"; sourceTree = "<group>"; };
		3FDAD0A529EAAA39004DD08D /* CameraAppTests.xctest */ = {isa = PBXFileReference; explicitFileType = wrapper.cfbundle; includeInIndex = 0; path = CameraAppTests.xctest; sourceTree = BUILT_PRODUCTS_DIR; };
		3FDAD0A929EAAA39004DD08D /* CameraAppTests.swift */ = {isa = PBXFileReference; lastKnownFileType = sourcecode.swift; path = CameraAppTests.swift; sourceTree = "<group>"; };
		3FDAD0AF29EAAA39004DD08D /* CameraAppUITests.xctest */ = {isa = PBXFileReference; explicitFileType = wrapper.cfbundle; includeInIndex = 0; path = CameraAppUITests.xctest; sourceTree = BUILT_PRODUCTS_DIR; };
		3FDAD0B329EAAA39004DD08D /* CameraAppUITests.swift */ = {isa = PBXFileReference; lastKnownFileType = sourcecode.swift; path = CameraAppUITests.swift; sourceTree = "<group>"; };
		3FDAD0B529EAAA39004DD08D /* CameraAppUITestsLaunchTests.swift */ = {isa = PBXFileReference; lastKnownFileType = sourcecode.swift; path = CameraAppUITestsLaunchTests.swift; sourceTree = "<group>"; };
/* End PBXFileReference section */

/* Begin PBXFrameworksBuildPhase section */
		3FDAD08C29EAAA39004DD08D /* Frameworks */ = {
			isa = PBXFrameworksBuildPhase;
			buildActionMask = 2147483647;
			files = (
			);
			runOnlyForDeploymentPostprocessing = 0;
		};
		3FDAD0A229EAAA39004DD08D /* Frameworks */ = {
			isa = PBXFrameworksBuildPhase;
			buildActionMask = 2147483647;
			files = (
			);
			runOnlyForDeploymentPostprocessing = 0;
		};
		3FDAD0AC29EAAA39004DD08D /* Frameworks */ = {
			isa = PBXFrameworksBuildPhase;
			buildActionMask = 2147483647;
			files = (
			);
			runOnlyForDeploymentPostprocessing = 0;
		};
/* End PBXFrameworksBuildPhase section */

/* Begin PBXGroup section */
		3FDAD08629EAAA39004DD08D = {
			isa = PBXGroup;
			children = (
				3FDAD09129EAAA39004DD08D /* CameraApp */,
				3FDAD0A829EAAA39004DD08D /* CameraAppTests */,
				3FDAD0B229EAAA39004DD08D /* CameraAppUITests */,
				3FDAD09029EAAA39004DD08D /* Products */,
			);
			sourceTree = "<group>";
		};
		3FDAD09029EAAA39004DD08D /* Products */ = {
			isa = PBXGroup;
			children = (
				3FDAD08F29EAAA39004DD08D /* CameraApp.app */,
				3FDAD0A529EAAA39004DD08D /* CameraAppTests.xctest */,
				3FDAD0AF29EAAA39004DD08D /* CameraAppUITests.xctest */,
			);
			name = Products;
			sourceTree = "<group>";
		};
		3FDAD09129EAAA39004DD08D /* CameraApp */ = {
			isa = PBXGroup;
			children = (
				3FDAD09229EAAA39004DD08D /* CameraAppApp.swift */,
				3FDAD09429EAAA39004DD08D /* Persistence.swift */,
				3FDAD09929EAAA39004DD08D /* ContentView.swift */,
				3FDAD09B29EAAA39004DD08D /* Assets.xcassets */,
				3FDAD09D29EAAA39004DD08D /* CameraApp.entitlements */,
				3FDAD09629EAAA39004DD08D /* CameraApp.xcdatamodeld */,
				3FDAD09E29EAAA39004DD08D /* Preview Content */,
			);
			path = CameraApp;
			sourceTree = "<group>";
		};
		3FDAD09E29EAAA39004DD08D /* Preview Content */ = {
			isa = PBXGroup;
			children = (
				3FDAD09F29EAAA39004DD08D /* Preview Assets.xcassets */,
			);
			path = "Preview Content";
			sourceTree = "<group>";
		};
		3FDAD0A829EAAA39004DD08D /* CameraAppTests */ = {
			isa = PBXGroup;
			children = (
				3FDAD0A929EAAA39004DD08D /* CameraAppTests.swift */,
			);
			path = CameraAppTests;
			sourceTree = "<group>";
		};
		3FDAD0B229EAAA39004DD08D /* CameraAppUITests */ = {
			isa = PBXGroup;
			children = (
				3FDAD0B329EAAA39004DD08D /* CameraAppUITests.swift */,
				3FDAD0B529EAAA39004DD08D /* CameraAppUITestsLaunchTests.swift */,
			);
			path = CameraAppUITests;
			sourceTree = "<group>";
		};
/* End PBXGroup section */

/* Begin PBXNativeTarget section */
		3FDAD08E29EAAA39004DD08D /* CameraApp */ = {
			isa = PBXNativeTarget;
			buildConfigurationList = 3FDAD0B929EAAA39004DD08D /* Build configuration list for PBXNativeTarget "CameraApp" */;
			buildPhases = (
				3FDAD08B29EAAA39004DD08D /* Sources */,
				3FDAD08C29EAAA39004DD08D /* Frameworks */,
				3FDAD08D29EAAA39004DD08D /* Resources */,
			);
			buildRules = (
			);
			dependencies = (
			);
			name = CameraApp;
			productName = CameraApp;
			productReference = 3FDAD08F29EAAA39004DD08D /* CameraApp.app */;
			productType = "com.apple.product-type.application";
		};
		3FDAD0A429EAAA39004DD08D /* CameraAppTests */ = {
			isa = PBXNativeTarget;
			buildConfigurationList = 3FDAD0BC29EAAA39004DD08D /* Build configuration list for PBXNativeTarget "CameraAppTests" */;
			buildPhases = (
				3FDAD0A129EAAA39004DD08D /* Sources */,
				3FDAD0A229EAAA39004DD08D /* Frameworks */,
				3FDAD0A329EAAA39004DD08D /* Resources */,
			);
			buildRules = (
			);
			dependencies = (
				3FDAD0A729EAAA39004DD08D /* PBXTargetDependency */,
			);
			name = CameraAppTests;
			productName = CameraAppTests;
			productReference = 3FDAD0A529EAAA39004DD08D /* CameraAppTests.xctest */;
			productType = "com.apple.product-type.bundle.unit-test";
		};
		3FDAD0AE29EAAA39004DD08D /* CameraAppUITests */ = {
			isa = PBXNativeTarget;
			buildConfigurationList = 3FDAD0BF29EAAA39004DD08D /* Build configuration list for PBXNativeTarget "CameraAppUITests" */;
			buildPhases = (
				3FDAD0AB29EAAA39004DD08D /* Sources */,
				3FDAD0AC29EAAA39004DD08D /* Frameworks */,
				3FDAD0AD29EAAA39004DD08D /* Resources */,
			);
			buildRules = (
			);
			dependencies = (
				3FDAD0B129EAAA39004DD08D /* PBXTargetDependency */,
			);
			name = CameraAppUITests;
			productName = CameraAppUITests;
			productReference = 3FDAD0AF29EAAA39004DD08D /* CameraAppUITests.xctest */;
			productType = "com.apple.product-type.bundle.ui-testing";
		};
/* End PBXNativeTarget section */

/* Begin PBXProject section */
		3FDAD08729EAAA39004DD08D /* Project object */ = {
			isa = PBXProject;
			attributes = {
				BuildIndependentTargetsInParallel = 1;
				LastSwiftUpdateCheck = 1430;
				LastUpgradeCheck = 1430;
				TargetAttributes = {
					3FDAD08E29EAAA39004DD08D = {
						CreatedOnToolsVersion = 14.3;
					};
					3FDAD0A429EAAA39004DD08D = {
						CreatedOnToolsVersion = 14.3;
						TestTargetID = 3FDAD08E29EAAA39004DD08D;
					};
					3FDAD0AE29EAAA39004DD08D = {
						CreatedOnToolsVersion = 14.3;
						TestTargetID = 3FDAD08E29EAAA39004DD08D;
					};
				};
			};
			buildConfigurationList = 3FDAD08A29EAAA39004DD08D /* Build configuration list for PBXProject "CameraApp" */;
			compatibilityVersion = "Xcode 14.0";
			developmentRegion = en;
			hasScannedForEncodings = 0;
			knownRegions = (
				en,
				Base,
			);
			mainGroup = 3FDAD08629EAAA39004DD08D;
			productRefGroup = 3FDAD09029EAAA39004DD08D /* Products */;
			projectDirPath = "";
			projectRoot = "";
			targets = (
				3FDAD08E29EAAA39004DD08D /* CameraApp */,
				3FDAD0A429EAAA39004DD08D /* CameraAppTests */,
				3FDAD0AE29EAAA39004DD08D /* CameraAppUITests */,
			);
		};
/* End PBXProject section */

/* Begin PBXResourcesBuildPhase section */
		3FDAD08D29EAAA39004DD08D /* Resources */ = {
			isa = PBXResourcesBuildPhase;
			buildActionMask = 2147483647;
			files = (
				3FDAD0A029EAAA39004DD08D /* Preview Assets.xcassets in Resources */,
				3FDAD09C29EAAA39004DD08D /* Assets.xcassets in Resources */,
			);
			runOnlyForDeploymentPostprocessing = 0;
		};
		3FDAD0A329EAAA39004DD08D /* Resources */ = {
			isa = PBXResourcesBuildPhase;
			buildActionMask = 2147483647;
			files = (
			);
			runOnlyForDeploymentPostprocessing = 0;
		};
		3FDAD0AD29EAAA39004DD08D /* Resources */ = {
			isa = PBXResourcesBuildPhase;
			buildActionMask = 2147483647;
			files = (
			);
			runOnlyForDeploymentPostprocessing = 0;
		};
/* End PBXResourcesBuildPhase section */

/* Begin PBXSourcesBuildPhase section */
		3FDAD08B29EAAA39004DD08D /* Sources */ = {
			isa = PBXSourcesBuildPhase;
			buildActionMask = 2147483647;
			files = (
				3FDAD09829EAAA39004DD08D /* CameraApp.xcdatamodeld in Sources */,
				3FDAD09329EAAA39004DD08D /* CameraAppApp.swift in Sources */,
				3FDAD09A29EAAA39004DD08D /* ContentView.swift in Sources */,
				3FDAD09529EAAA39004DD08D /* Persistence.swift in Sources */,
			);
			runOnlyForDeploymentPostprocessing = 0;
		};
		3FDAD0A129EAAA39004DD08D /* Sources */ = {
			isa = PBXSourcesBuildPhase;
			buildActionMask = 2147483647;
			files = (
				3FDAD0AA29EAAA39004DD08D /* CameraAppTests.swift in Sources */,
			);
			runOnlyForDeploymentPostprocessing = 0;
		};
		3FDAD0AB29EAAA39004DD08D /* Sources */ = {
			isa = PBXSourcesBuildPhase;
			buildActionMask = 2147483647;
			files = (
				3FDAD0B429EAAA39004DD08D /* CameraAppUITests.swift in Sources */,
				3FDAD0B629EAAA39004DD08D /* CameraAppUITestsLaunchTests.swift in Sources */,
			);
			runOnlyForDeploymentPostprocessing = 0;
		};
/* End PBXSourcesBuildPhase section */

/* Begin PBXTargetDependency section */
		3FDAD0A729EAAA39004DD08D /* PBXTargetDependency */ = {
			isa = PBXTargetDependency;
			target = 3FDAD08E29EAAA39004DD08D /* CameraApp */;
			targetProxy = 3FDAD0A629EAAA39004DD08D /* PBXContainerItemProxy */;
		};
		3FDAD0B129EAAA39004DD08D /* PBXTargetDependency */ = {
			isa = PBXTargetDependency;
			target = 3FDAD08E29EAAA39004DD08D /* CameraApp */;
			targetProxy = 3FDAD0B029EAAA39004DD08D /* PBXContainerItemProxy */;
		};
/* End PBXTargetDependency section */

/* Begin XCBuildConfiguration section */
		3FDAD0B729EAAA39004DD08D /* Debug */ = {
			isa = XCBuildConfiguration;
			buildSettings = {
				ALWAYS_SEARCH_USER_PATHS = NO;
				CLANG_ANALYZER_NONNULL = YES;
				CLANG_ANALYZER_NUMBER_OBJECT_CONVERSION = YES_AGGRESSIVE;
				CLANG_CXX_LANGUAGE_STANDARD = "gnu++20";
				CLANG_ENABLE_MODULES = YES;
				CLANG_ENABLE_OBJC_ARC = YES;
				CLANG_ENABLE_OBJC_WEAK = YES;
				CLANG_WARN_BLOCK_CAPTURE_AUTORELEASING = YES;
				CLANG_WARN_BOOL_CONVERSION = YES;
				CLANG_WARN_COMMA = YES;
				CLANG_WARN_CONSTANT_CONVERSION = YES;
				CLANG_WARN_DEPRECATED_OBJC_IMPLEMENTATIONS = YES;
				CLANG_WARN_DIRECT_OBJC_ISA_USAGE = YES_ERROR;
				CLANG_WARN_DOCUMENTATION_COMMENTS = YES;
				CLANG_WARN_EMPTY_BODY = YES;
				CLANG_WARN_ENUM_CONVERSION = YES;
				CLANG_WARN_INFINITE_RECURSION = YES;
				CLANG_WARN_INT_CONVERSION = YES;
				CLANG_WARN_NON_LITERAL_NULL_CONVERSION = YES;
				CLANG_WARN_OBJC_IMPLICIT_RETAIN_SELF = YES;
				CLANG_WARN_OBJC_LITERAL_CONVERSION = YES;
				CLANG_WARN_OBJC_ROOT_CLASS = YES_ERROR;
				CLANG_WARN_QUOTED_INCLUDE_IN_FRAMEWORK_HEADER = YES;
				CLANG_WARN_RANGE_LOOP_ANALYSIS = YES;
				CLANG_WARN_STRICT_PROTOTYPES = YES;
				CLANG_WARN_SUSPICIOUS_MOVE = YES;
				CLANG_WARN_UNGUARDED_AVAILABILITY = YES_AGGRESSIVE;
				CLANG_WARN_UNREACHABLE_CODE = YES;
				CLANG_WARN__DUPLICATE_METHOD_MATCH = YES;
				COPY_PHASE_STRIP = NO;
				DEBUG_INFORMATION_FORMAT = dwarf;
				ENABLE_STRICT_OBJC_MSGSEND = YES;
				ENABLE_TESTABILITY = YES;
				GCC_C_LANGUAGE_STANDARD = gnu11;
				GCC_DYNAMIC_NO_PIC = NO;
				GCC_NO_COMMON_BLOCKS = YES;
				GCC_OPTIMIZATION_LEVEL = 0;
				GCC_PREPROCESSOR_DEFINITIONS = (
					"DEBUG=1",
					"$(inherited)",
				);
				GCC_WARN_64_TO_32_BIT_CONVERSION = YES;
				GCC_WARN_ABOUT_RETURN_TYPE = YES_ERROR;
				GCC_WARN_UNDECLARED_SELECTOR = YES;
				GCC_WARN_UNINITIALIZED_AUTOS = YES_AGGRESSIVE;
				GCC_WARN_UNUSED_FUNCTION = YES;
				GCC_WARN_UNUSED_VARIABLE = YES;
				MTL_ENABLE_DEBUG_INFO = INCLUDE_SOURCE;
				MTL_FAST_MATH = YES;
				ONLY_ACTIVE_ARCH = YES;
				SWIFT_ACTIVE_COMPILATION_CONDITIONS = DEBUG;
				SWIFT_OPTIMIZATION_LEVEL = "-Onone";
			};
			name = Debug;
		};
		3FDAD0B829EAAA39004DD08D /* Release */ = {
			isa = XCBuildConfiguration;
			buildSettings = {
				ALWAYS_SEARCH_USER_PATHS = NO;
				CLANG_ANALYZER_NONNULL = YES;
				CLANG_ANALYZER_NUMBER_OBJECT_CONVERSION = YES_AGGRESSIVE;
				CLANG_CXX_LANGUAGE_STANDARD = "gnu++20";
				CLANG_ENABLE_MODULES = YES;
				CLANG_ENABLE_OBJC_ARC = YES;
				CLANG_ENABLE_OBJC_WEAK = YES;
				CLANG_WARN_BLOCK_CAPTURE_AUTORELEASING = YES;
				CLANG_WARN_BOOL_CONVERSION = YES;
				CLANG_WARN_COMMA = YES;
				CLANG_WARN_CONSTANT_CONVERSION = YES;
				CLANG_WARN_DEPRECATED_OBJC_IMPLEMENTATIONS = YES;
				CLANG_WARN_DIRECT_OBJC_ISA_USAGE = YES_ERROR;
				CLANG_WARN_DOCUMENTATION_COMMENTS = YES;
				CLANG_WARN_EMPTY_BODY = YES;
				CLANG_WARN_ENUM_CONVERSION = YES;
				CLANG_WARN_INFINITE_RECURSION = YES;
				CLANG_WARN_INT_CONVERSION = YES;
				CLANG_WARN_NON_LITERAL_NULL_CONVERSION = YES;
				CLANG_WARN_OBJC_IMPLICIT_RETAIN_SELF = YES;
				CLANG_WARN_OBJC_LITERAL_CONVERSION = YES;
				CLANG_WARN_OBJC_ROOT_CLASS = YES_ERROR;
				CLANG_WARN_QUOTED_INCLUDE_IN_FRAMEWORK_HEADER = YES;
				CLANG_WARN_RANGE_LOOP_ANALYSIS = YES;
				CLANG_WARN_STRICT_PROTOTYPES = YES;
				CLANG_WARN_SUSPICIOUS_MOVE = YES;
				CLANG_WARN_UNGUARDED_AVAILABILITY = YES_AGGRESSIVE;
				CLANG_WARN_UNREACHABLE_CODE = YES;
				CLANG_WARN__DUPLICATE_METHOD_MATCH = YES;
				COPY_PHASE_STRIP = NO;
				DEBUG_INFORMATION_FORMAT = "dwarf-with-dsym";
				ENABLE_NS_ASSERTIONS = NO;
				ENABLE_STRICT_OBJC_MSGSEND = YES;
				GCC_C_LANGUAGE_STANDARD = gnu11;
				GCC_NO_COMMON_BLOCKS = YES;
				GCC_WARN_64_TO_32_BIT_CONVERSION = YES;
				GCC_WARN_ABOUT_RETURN_TYPE = YES_ERROR;
				GCC_WARN_UNDECLARED_SELECTOR = YES;
				GCC_WARN_UNINITIALIZED_AUTOS = YES_AGGRESSIVE;
				GCC_WARN_UNUSED_FUNCTION = YES;
				GCC_WARN_UNUSED_VARIABLE = YES;
				MTL_ENABLE_DEBUG_INFO = NO;
				MTL_FAST_MATH = YES;
				SWIFT_COMPILATION_MODE = wholemodule;
				SWIFT_OPTIMIZATION_LEVEL = "-O";
			};
			name = Release;
		};
		3FDAD0BA29EAAA39004DD08D /* Debug */ = {
			isa = XCBuildConfiguration;
			buildSettings = {
				ASSETCATALOG_COMPILER_APPICON_NAME = AppIcon;
				ASSETCATALOG_COMPILER_GLOBAL_ACCENT_COLOR_NAME = AccentColor;
				CODE_SIGN_ENTITLEMENTS = CameraApp/CameraApp.entitlements;
				CODE_SIGN_STYLE = Automatic;
				CURRENT_PROJECT_VERSION = 1;
				DEVELOPMENT_ASSET_PATHS = "\"CameraApp/Preview Content\"";
				DEVELOPMENT_TEAM = PFVCA649R3;
				ENABLE_HARDENED_RUNTIME = YES;
				ENABLE_PREVIEWS = YES;
				GENERATE_INFOPLIST_FILE = YES;
				"INFOPLIST_KEY_UIApplicationSceneManifest_Generation[sdk=iphoneos*]" = YES;
				"INFOPLIST_KEY_UIApplicationSceneManifest_Generation[sdk=iphonesimulator*]" = YES;
				"INFOPLIST_KEY_UIApplicationSupportsIndirectInputEvents[sdk=iphoneos*]" = YES;
				"INFOPLIST_KEY_UIApplicationSupportsIndirectInputEvents[sdk=iphonesimulator*]" = YES;
				"INFOPLIST_KEY_UILaunchScreen_Generation[sdk=iphoneos*]" = YES;
				"INFOPLIST_KEY_UILaunchScreen_Generation[sdk=iphonesimulator*]" = YES;
				"INFOPLIST_KEY_UIStatusBarStyle[sdk=iphoneos*]" = UIStatusBarStyleDefault;
				"INFOPLIST_KEY_UIStatusBarStyle[sdk=iphonesimulator*]" = UIStatusBarStyleDefault;
				INFOPLIST_KEY_UISupportedInterfaceOrientations_iPad = "UIInterfaceOrientationPortrait UIInterfaceOrientationPortraitUpsideDown UIInterfaceOrientationLandscapeLeft UIInterfaceOrientationLandscapeRight";
				INFOPLIST_KEY_UISupportedInterfaceOrientations_iPhone = "UIInterfaceOrientationPortrait UIInterfaceOrientationLandscapeLeft UIInterfaceOrientationLandscapeRight";
				IPHONEOS_DEPLOYMENT_TARGET = 16.4;
				LD_RUNPATH_SEARCH_PATHS = "@executable_path/Frameworks";
				"LD_RUNPATH_SEARCH_PATHS[sdk=macosx*]" = "@executable_path/../Frameworks";
				MACOSX_DEPLOYMENT_TARGET = 13.3;
				MARKETING_VERSION = 1.0;
				PRODUCT_BUNDLE_IDENTIFIER = com.kashiash.CameraApp;
				PRODUCT_NAME = "$(TARGET_NAME)";
				SDKROOT = auto;
				SUPPORTED_PLATFORMS = "iphoneos iphonesimulator macosx";
				SWIFT_EMIT_LOC_STRINGS = YES;
				SWIFT_VERSION = 5.0;
				TARGETED_DEVICE_FAMILY = "1,2";
			};
			name = Debug;
		};
		3FDAD0BB29EAAA39004DD08D /* Release */ = {
			isa = XCBuildConfiguration;
			buildSettings = {
				ASSETCATALOG_COMPILER_APPICON_NAME = AppIcon;
				ASSETCATALOG_COMPILER_GLOBAL_ACCENT_COLOR_NAME = AccentColor;
				CODE_SIGN_ENTITLEMENTS = CameraApp/CameraApp.entitlements;
				CODE_SIGN_STYLE = Automatic;
				CURRENT_PROJECT_VERSION = 1;
				DEVELOPMENT_ASSET_PATHS = "\"CameraApp/Preview Content\"";
				DEVELOPMENT_TEAM = PFVCA649R3;
				ENABLE_HARDENED_RUNTIME = YES;
				ENABLE_PREVIEWS = YES;
				GENERATE_INFOPLIST_FILE = YES;
				"INFOPLIST_KEY_UIApplicationSceneManifest_Generation[sdk=iphoneos*]" = YES;
				"INFOPLIST_KEY_UIApplicationSceneManifest_Generation[sdk=iphonesimulator*]" = YES;
				"INFOPLIST_KEY_UIApplicationSupportsIndirectInputEvents[sdk=iphoneos*]" = YES;
				"INFOPLIST_KEY_UIApplicationSupportsIndirectInputEvents[sdk=iphonesimulator*]" = YES;
				"INFOPLIST_KEY_UILaunchScreen_Generation[sdk=iphoneos*]" = YES;
				"INFOPLIST_KEY_UILaunchScreen_Generation[sdk=iphonesimulator*]" = YES;
				"INFOPLIST_KEY_UIStatusBarStyle[sdk=iphoneos*]" = UIStatusBarStyleDefault;
				"INFOPLIST_KEY_UIStatusBarStyle[sdk=iphonesimulator*]" = UIStatusBarStyleDefault;
				INFOPLIST_KEY_UISupportedInterfaceOrientations_iPad = "UIInterfaceOrientationPortrait UIInterfaceOrientationPortraitUpsideDown UIInterfaceOrientationLandscapeLeft UIInterfaceOrientationLandscapeRight";
				INFOPLIST_KEY_UISupportedInterfaceOrientations_iPhone = "UIInterfaceOrientationPortrait UIInterfaceOrientationLandscapeLeft UIInterfaceOrientationLandscapeRight";
				IPHONEOS_DEPLOYMENT_TARGET = 16.4;
				LD_RUNPATH_SEARCH_PATHS = "@executable_path/Frameworks";
				"LD_RUNPATH_SEARCH_PATHS[sdk=macosx*]" = "@executable_path/../Frameworks";
				MACOSX_DEPLOYMENT_TARGET = 13.3;
				MARKETING_VERSION = 1.0;
				PRODUCT_BUNDLE_IDENTIFIER = com.kashiash.CameraApp;
				PRODUCT_NAME = "$(TARGET_NAME)";
				SDKROOT = auto;
				SUPPORTED_PLATFORMS = "iphoneos iphonesimulator macosx";
				SWIFT_EMIT_LOC_STRINGS = YES;
				SWIFT_VERSION = 5.0;
				TARGETED_DEVICE_FAMILY = "1,2";
			};
			name = Release;
		};
		3FDAD0BD29EAAA39004DD08D /* Debug */ = {
			isa = XCBuildConfiguration;
			buildSettings = {
				ALWAYS_EMBED_SWIFT_STANDARD_LIBRARIES = YES;
				BUNDLE_LOADER = "$(TEST_HOST)";
				CODE_SIGN_STYLE = Automatic;
				CURRENT_PROJECT_VERSION = 1;
				DEVELOPMENT_TEAM = PFVCA649R3;
				GENERATE_INFOPLIST_FILE = YES;
				IPHONEOS_DEPLOYMENT_TARGET = 16.4;
				MACOSX_DEPLOYMENT_TARGET = 13.3;
				MARKETING_VERSION = 1.0;
				PRODUCT_BUNDLE_IDENTIFIER = com.kashiash.CameraAppTests;
				PRODUCT_NAME = "$(TARGET_NAME)";
				SDKROOT = auto;
				SUPPORTED_PLATFORMS = "iphoneos iphonesimulator macosx";
				SWIFT_EMIT_LOC_STRINGS = NO;
				SWIFT_VERSION = 5.0;
				TARGETED_DEVICE_FAMILY = "1,2";
				TEST_HOST = "$(BUILT_PRODUCTS_DIR)/CameraApp.app/$(BUNDLE_EXECUTABLE_FOLDER_PATH)/CameraApp";
			};
			name = Debug;
		};
		3FDAD0BE29EAAA39004DD08D /* Release */ = {
			isa = XCBuildConfiguration;
			buildSettings = {
				ALWAYS_EMBED_SWIFT_STANDARD_LIBRARIES = YES;
				BUNDLE_LOADER = "$(TEST_HOST)";
				CODE_SIGN_STYLE = Automatic;
				CURRENT_PROJECT_VERSION = 1;
				DEVELOPMENT_TEAM = PFVCA649R3;
				GENERATE_INFOPLIST_FILE = YES;
				IPHONEOS_DEPLOYMENT_TARGET = 16.4;
				MACOSX_DEPLOYMENT_TARGET = 13.3;
				MARKETING_VERSION = 1.0;
				PRODUCT_BUNDLE_IDENTIFIER = com.kashiash.CameraAppTests;
				PRODUCT_NAME = "$(TARGET_NAME)";
				SDKROOT = auto;
				SUPPORTED_PLATFORMS = "iphoneos iphonesimulator macosx";
				SWIFT_EMIT_LOC_STRINGS = NO;
				SWIFT_VERSION = 5.0;
				TARGETED_DEVICE_FAMILY = "1,2";
				TEST_HOST = "$(BUILT_PRODUCTS_DIR)/CameraApp.app/$(BUNDLE_EXECUTABLE_FOLDER_PATH)/CameraApp";
			};
			name = Release;
		};
		3FDAD0C029EAAA39004DD08D /* Debug */ = {
			isa = XCBuildConfiguration;
			buildSettings = {
				ALWAYS_EMBED_SWIFT_STANDARD_LIBRARIES = YES;
				CODE_SIGN_STYLE = Automatic;
				CURRENT_PROJECT_VERSION = 1;
				DEVELOPMENT_TEAM = PFVCA649R3;
				GENERATE_INFOPLIST_FILE = YES;
				IPHONEOS_DEPLOYMENT_TARGET = 16.4;
				MACOSX_DEPLOYMENT_TARGET = 13.3;
				MARKETING_VERSION = 1.0;
				PRODUCT_BUNDLE_IDENTIFIER = com.kashiash.CameraAppUITests;
				PRODUCT_NAME = "$(TARGET_NAME)";
				SDKROOT = auto;
				SUPPORTED_PLATFORMS = "iphoneos iphonesimulator macosx";
				SWIFT_EMIT_LOC_STRINGS = NO;
				SWIFT_VERSION = 5.0;
				TARGETED_DEVICE_FAMILY = "1,2";
				TEST_TARGET_NAME = CameraApp;
			};
			name = Debug;
		};
		3FDAD0C129EAAA39004DD08D /* Release */ = {
			isa = XCBuildConfiguration;
			buildSettings = {
				ALWAYS_EMBED_SWIFT_STANDARD_LIBRARIES = YES;
				CODE_SIGN_STYLE = Automatic;
				CURRENT_PROJECT_VERSION = 1;
				DEVELOPMENT_TEAM = PFVCA649R3;
				GENERATE_INFOPLIST_FILE = YES;
				IPHONEOS_DEPLOYMENT_TARGET = 16.4;
				MACOSX_DEPLOYMENT_TARGET = 13.3;
				MARKETING_VERSION = 1.0;
				PRODUCT_BUNDLE_IDENTIFIER = com.kashiash.CameraAppUITests;
				PRODUCT_NAME = "$(TARGET_NAME)";
				SDKROOT = auto;
				SUPPORTED_PLATFORMS = "iphoneos iphonesimulator macosx";
				SWIFT_EMIT_LOC_STRINGS = NO;
				SWIFT_VERSION = 5.0;
				TARGETED_DEVICE_FAMILY = "1,2";
				TEST_TARGET_NAME = CameraApp;
			};
			name = Release;
		};
/* End XCBuildConfiguration section */

/* Begin XCConfigurationList section */
		3FDAD08A29EAAA39004DD08D /* Build configuration list for PBXProject "CameraApp" */ = {
			isa = XCConfigurationList;
			buildConfigurations = (
				3FDAD0B729EAAA39004DD08D /* Debug */,
				3FDAD0B829EAAA39004DD08D /* Release */,
			);
			defaultConfigurationIsVisible = 0;
			defaultConfigurationName = Release;
		};
		3FDAD0B929EAAA39004DD08D /* Build configuration list for PBXNativeTarget "CameraApp" */ = {
			isa = XCConfigurationList;
			buildConfigurations = (
				3FDAD0BA29EAAA39004DD08D /* Debug */,
				3FDAD0BB29EAAA39004DD08D /* Release */,
			);
			defaultConfigurationIsVisible = 0;
			defaultConfigurationName = Release;
		};
		3FDAD0BC29EAAA39004DD08D /* Build configuration list for PBXNativeTarget "CameraAppTests" */ = {
			isa = XCConfigurationList;
			buildConfigurations = (
				3FDAD0BD29EAAA39004DD08D /* Debug */,
				3FDAD0BE29EAAA39004DD08D /* Release */,
			);
			defaultConfigurationIsVisible = 0;
			defaultConfigurationName = Release;
		};
		3FDAD0BF29EAAA39004DD08D /* Build configuration list for PBXNativeTarget "CameraAppUITests" */ = {
			isa = XCConfigurationList;
			buildConfigurations = (
				3FDAD0C029EAAA39004DD08D /* Debug */,
				3FDAD0C129EAAA39004DD08D /* Release */,
			);
			defaultConfigurationIsVisible = 0;
			defaultConfigurationName = Release;
		};
/* End XCConfigurationList section */

/* Begin XCVersionGroup section */
		3FDAD09629EAAA39004DD08D /* CameraApp.xcdatamodeld */ = {
			isa = XCVersionGroup;
			children = (
				3FDAD09729EAAA39004DD08D /* CameraApp.xcdatamodel */,
			);
			currentVersion = 3FDAD09729EAAA39004DD08D /* CameraApp.xcdatamodel */;
			path = CameraApp.xcdatamodeld;
			sourceTree = "<group>";
			versionGroupType = wrapper.xcdatamodel;
		};
/* End XCVersionGroup section */
	};
	rootObject = 3FDAD08729EAAA39004DD08D /* Project object */;
}
